// !$*UTF8*$!
{
	archiveVersion = 1;
	classes = {
	};
	objectVersion = 46;
	objects = {

/* Begin PBXBuildFile section */
		5967E5191DF7EAF000BE6226 /* RegistrationViewController.swift in Sources */ = {isa = PBXBuildFile; fileRef = 5967E5181DF7EAF000BE6226 /* RegistrationViewController.swift */; };
		5967E51B1DF7FB9700BE6226 /* RegistrationModel.swift in Sources */ = {isa = PBXBuildFile; fileRef = 5967E51A1DF7FB9700BE6226 /* RegistrationModel.swift */; };
		596B3E9D1DE3C0D800116988 /* RegistrationService.swift in Sources */ = {isa = PBXBuildFile; fileRef = 596B3E9C1DE3C0D800116988 /* RegistrationService.swift */; };
		59B103BA1DE2A6E800F1EA5F /* MovieModel.swift in Sources */ = {isa = PBXBuildFile; fileRef = 59B103B91DE2A6E800F1EA5F /* MovieModel.swift */; };
		59B137FF1DD4627500998AA8 /* AppDelegate.swift in Sources */ = {isa = PBXBuildFile; fileRef = 59B137FE1DD4627500998AA8 /* AppDelegate.swift */; };
		59B138011DD4627500998AA8 /* ViewController.swift in Sources */ = {isa = PBXBuildFile; fileRef = 59B138001DD4627500998AA8 /* ViewController.swift */; };
		59B138041DD4627500998AA8 /* Main.storyboard in Resources */ = {isa = PBXBuildFile; fileRef = 59B138021DD4627500998AA8 /* Main.storyboard */; };
		59B138061DD4627500998AA8 /* Assets.xcassets in Resources */ = {isa = PBXBuildFile; fileRef = 59B138051DD4627500998AA8 /* Assets.xcassets */; };
		59B138091DD4627500998AA8 /* LaunchScreen.storyboard in Resources */ = {isa = PBXBuildFile; fileRef = 59B138071DD4627500998AA8 /* LaunchScreen.storyboard */; };
		59F245CF1DF80A4300BC2281 /* SignInService.swift in Sources */ = {isa = PBXBuildFile; fileRef = 59F245CE1DF80A4300BC2281 /* SignInService.swift */; };
/* End PBXBuildFile section */

/* Begin PBXFileReference section */
		5967E5181DF7EAF000BE6226 /* RegistrationViewController.swift */ = {isa = PBXFileReference; fileEncoding = 4; lastKnownFileType = sourcecode.swift; path = RegistrationViewController.swift; sourceTree = "<group>"; };
		5967E51A1DF7FB9700BE6226 /* RegistrationModel.swift */ = {isa = PBXFileReference; fileEncoding = 4; lastKnownFileType = sourcecode.swift; path = RegistrationModel.swift; sourceTree = "<group>"; };
		596B3E9C1DE3C0D800116988 /* RegistrationService.swift */ = {isa = PBXFileReference; fileEncoding = 4; lastKnownFileType = sourcecode.swift; path = RegistrationService.swift; sourceTree = "<group>"; };
		59B103B91DE2A6E800F1EA5F /* MovieModel.swift */ = {isa = PBXFileReference; fileEncoding = 4; lastKnownFileType = sourcecode.swift; path = MovieModel.swift; sourceTree = "<group>"; };
		59B137FB1DD4627500998AA8 /* CalataDemo.app */ = {isa = PBXFileReference; explicitFileType = wrapper.application; includeInIndex = 0; path = CalataDemo.app; sourceTree = BUILT_PRODUCTS_DIR; };
		59B137FE1DD4627500998AA8 /* AppDelegate.swift */ = {isa = PBXFileReference; lastKnownFileType = sourcecode.swift; path = AppDelegate.swift; sourceTree = "<group>"; };
		59B138001DD4627500998AA8 /* ViewController.swift */ = {isa = PBXFileReference; lastKnownFileType = sourcecode.swift; path = ViewController.swift; sourceTree = "<group>"; };
		59B138031DD4627500998AA8 /* Base */ = {isa = PBXFileReference; lastKnownFileType = file.storyboard; name = Base; path = Base.lproj/Main.storyboard; sourceTree = "<group>"; };
		59B138051DD4627500998AA8 /* Assets.xcassets */ = {isa = PBXFileReference; lastKnownFileType = folder.assetcatalog; path = Assets.xcassets; sourceTree = "<group>"; };
		59B138081DD4627500998AA8 /* Base */ = {isa = PBXFileReference; lastKnownFileType = file.storyboard; name = Base; path = Base.lproj/LaunchScreen.storyboard; sourceTree = "<group>"; };
		59B1380A1DD4627600998AA8 /* Info.plist */ = {isa = PBXFileReference; lastKnownFileType = text.plist.xml; path = Info.plist; sourceTree = "<group>"; };
		59F245CE1DF80A4300BC2281 /* SignInService.swift */ = {isa = PBXFileReference; fileEncoding = 4; lastKnownFileType = sourcecode.swift; path = SignInService.swift; sourceTree = "<group>"; };
/* End PBXFileReference section */

/* Begin PBXFrameworksBuildPhase section */
		59B137F81DD4627500998AA8 /* Frameworks */ = {
			isa = PBXFrameworksBuildPhase;
			buildActionMask = 2147483647;
			files = (
			);
			runOnlyForDeploymentPostprocessing = 0;
		};
/* End PBXFrameworksBuildPhase section */

/* Begin PBXGroup section */
		59B137F21DD4627500998AA8 = {
			isa = PBXGroup;
			children = (
				59B137FD1DD4627500998AA8 /* movie */,
				59B137FC1DD4627500998AA8 /* Products */,
			);
			sourceTree = "<group>";
		};
		59B137FC1DD4627500998AA8 /* Products */ = {
			isa = PBXGroup;
			children = (
				59B137FB1DD4627500998AA8 /* CalataDemo.app */,
			);
			name = Products;
			sourceTree = "<group>";
		};
		59B137FD1DD4627500998AA8 /* movie */ = {
			isa = PBXGroup;
			children = (
				596B3E9C1DE3C0D800116988 /* RegistrationService.swift */,
				59B137FE1DD4627500998AA8 /* AppDelegate.swift */,
				59B138001DD4627500998AA8 /* ViewController.swift */,
				59B138021DD4627500998AA8 /* Main.storyboard */,
				59B138051DD4627500998AA8 /* Assets.xcassets */,
				59B138071DD4627500998AA8 /* LaunchScreen.storyboard */,
				59B1380A1DD4627600998AA8 /* Info.plist */,
				59B103B91DE2A6E800F1EA5F /* MovieModel.swift */,
				5967E5181DF7EAF000BE6226 /* RegistrationViewController.swift */,
				5967E51A1DF7FB9700BE6226 /* RegistrationModel.swift */,
				59F245CE1DF80A4300BC2281 /* SignInService.swift */,
			);
			path = movie;
			sourceTree = "<group>";
		};
/* End PBXGroup section */

/* Begin PBXNativeTarget section */
		59B137FA1DD4627500998AA8 /* CalataDemo */ = {
			isa = PBXNativeTarget;
			buildConfigurationList = 59B1380D1DD4627600998AA8 /* Build configuration list for PBXNativeTarget "CalataDemo" */;
			buildPhases = (
				59B137F71DD4627500998AA8 /* Sources */,
				59B137F81DD4627500998AA8 /* Frameworks */,
				59B137F91DD4627500998AA8 /* Resources */,
			);
			buildRules = (
			);
			dependencies = (
			);
			name = CalataDemo;
			productName = movie;
			productReference = 59B137FB1DD4627500998AA8 /* CalataDemo.app */;
			productType = "com.apple.product-type.application";
		};
/* End PBXNativeTarget section */

/* Begin PBXProject section */
		59B137F31DD4627500998AA8 /* Project object */ = {
			isa = PBXProject;
			attributes = {
				LastSwiftUpdateCheck = 0720;
				LastUpgradeCheck = 0720;
				ORGANIZATIONNAME = com.movie;
				TargetAttributes = {
					59B137FA1DD4627500998AA8 = {
						CreatedOnToolsVersion = 7.2.1;
						DevelopmentTeam = BP2999CPU5;
					};
				};
			};
			buildConfigurationList = 59B137F61DD4627500998AA8 /* Build configuration list for PBXProject "CalataDemo" */;
			compatibilityVersion = "Xcode 3.2";
			developmentRegion = English;
			hasScannedForEncodings = 0;
			knownRegions = (
				en,
				Base,
			);
			mainGroup = 59B137F21DD4627500998AA8;
			productRefGroup = 59B137FC1DD4627500998AA8 /* Products */;
			projectDirPath = "";
			projectRoot = "";
			targets = (
				59B137FA1DD4627500998AA8 /* CalataDemo */,
			);
		};
/* End PBXProject section */

/* Begin PBXResourcesBuildPhase section */
		59B137F91DD4627500998AA8 /* Resources */ = {
			isa = PBXResourcesBuildPhase;
			buildActionMask = 2147483647;
			files = (
				59B138091DD4627500998AA8 /* LaunchScreen.storyboard in Resources */,
				59B138061DD4627500998AA8 /* Assets.xcassets in Resources */,
				59B138041DD4627500998AA8 /* Main.storyboard in Resources */,
			);
			runOnlyForDeploymentPostprocessing = 0;
		};
/* End PBXResourcesBuildPhase section */

/* Begin PBXSourcesBuildPhase section */
		59B137F71DD4627500998AA8 /* Sources */ = {
			isa = PBXSourcesBuildPhase;
			buildActionMask = 2147483647;
			files = (
				59B103BA1DE2A6E800F1EA5F /* MovieModel.swift in Sources */,
				59B138011DD4627500998AA8 /* ViewController.swift in Sources */,
				5967E51B1DF7FB9700BE6226 /* RegistrationModel.swift in Sources */,
				596B3E9D1DE3C0D800116988 /* RegistrationService.swift in Sources */,
				59B137FF1DD4627500998AA8 /* AppDelegate.swift in Sources */,
				5967E5191DF7EAF000BE6226 /* RegistrationViewController.swift in Sources */,
				59F245CF1DF80A4300BC2281 /* SignInService.swift in Sources */,
			);
			runOnlyForDeploymentPostprocessing = 0;
		};
/* End PBXSourcesBuildPhase section */

/* Begin PBXVariantGroup section */
		59B138021DD4627500998AA8 /* Main.storyboard */ = {
			isa = PBXVariantGroup;
			children = (
				59B138031DD4627500998AA8 /* Base */,
			);
			name = Main.storyboard;
			sourceTree = "<group>";
		};
		59B138071DD4627500998AA8 /* LaunchScreen.storyboard */ = {
			isa = PBXVariantGroup;
			children = (
				59B138081DD4627500998AA8 /* Base */,
			);
			name = LaunchScreen.storyboard;
			sourceTree = "<group>";
		};
/* End PBXVariantGroup section */

/* Begin XCBuildConfiguration section */
		59B1380B1DD4627600998AA8 /* Debug */ = {
			isa = XCBuildConfiguration;
			buildSettings = {
				ALWAYS_SEARCH_USER_PATHS = NO;
				CLANG_CXX_LANGUAGE_STANDARD = "gnu++0x";
				CLANG_CXX_LIBRARY = "libc++";
				CLANG_ENABLE_MODULES = YES;
				CLANG_ENABLE_OBJC_ARC = YES;
				CLANG_WARN_BOOL_CONVERSION = YES;
				CLANG_WARN_CONSTANT_CONVERSION = YES;
				CLANG_WARN_DIRECT_OBJC_ISA_USAGE = YES_ERROR;
				CLANG_WARN_EMPTY_BODY = YES;
				CLANG_WARN_ENUM_CONVERSION = YES;
				CLANG_WARN_INT_CONVERSION = YES;
				CLANG_WARN_OBJC_ROOT_CLASS = YES_ERROR;
				CLANG_WARN_UNREACHABLE_CODE = YES;
				CLANG_WARN__DUPLICATE_METHOD_MATCH = YES;
				"CODE_SIGN_IDENTITY[sdk=iphoneos*]" = "iPhone Developer";
				COPY_PHASE_STRIP = NO;
				DEBUG_INFORMATION_FORMAT = dwarf;
				ENABLE_STRICT_OBJC_MSGSEND = YES;
				ENABLE_TESTABILITY = YES;
				GCC_C_LANGUAGE_STANDARD = gnu99;
				GCC_DYNAMIC_NO_PIC = NO;
				GCC_NO_COMMON_BLOCKS = YES;
				GCC_OPTIMIZATION_LEVEL = 0;
				GCC_PREPROCESSOR_DEFINITIONS = (
					"DEBUG=1",
					"$(inherited)",
				);
				GCC_WARN_64_TO_32_BIT_CONVERSION = YES;
				GCC_WARN_ABOUT_RETURN_TYPE = YES_ERROR;
				GCC_WARN_UNDECLARED_SELECTOR = YES;
				GCC_WARN_UNINITIALIZED_AUTOS = YES_AGGRESSIVE;
				GCC_WARN_UNUSED_FUNCTION = YES;
				GCC_WARN_UNUSED_VARIABLE = YES;
				IPHONEOS_DEPLOYMENT_TARGET = 9.2;
				MTL_ENABLE_DEBUG_INFO = YES;
				ONLY_ACTIVE_ARCH = YES;
				SDKROOT = iphoneos;
				SWIFT_OPTIMIZATION_LEVEL = "-Onone";
			};
			name = Debug;
		};
		59B1380C1DD4627600998AA8 /* Release */ = {
			isa = XCBuildConfiguration;
			buildSettings = {
				ALWAYS_SEARCH_USER_PATHS = NO;
				CLANG_CXX_LANGUAGE_STANDARD = "gnu++0x";
				CLANG_CXX_LIBRARY = "libc++";
				CLANG_ENABLE_MODULES = YES;
				CLANG_ENABLE_OBJC_ARC = YES;
				CLANG_WARN_BOOL_CONVERSION = YES;
				CLANG_WARN_CONSTANT_CONVERSION = YES;
				CLANG_WARN_DIRECT_OBJC_ISA_USAGE = YES_ERROR;
				CLANG_WARN_EMPTY_BODY = YES;
				CLANG_WARN_ENUM_CONVERSION = YES;
				CLANG_WARN_INT_CONVERSION = YES;
				CLANG_WARN_OBJC_ROOT_CLASS = YES_ERROR;
				CLANG_WARN_UNREACHABLE_CODE = YES;
				CLANG_WARN__DUPLICATE_METHOD_MATCH = YES;
				"CODE_SIGN_IDENTITY[sdk=iphoneos*]" = "iPhone Developer";
				COPY_PHASE_STRIP = NO;
				DEBUG_INFORMATION_FORMAT = "dwarf-with-dsym";
				ENABLE_NS_ASSERTIONS = NO;
				ENABLE_STRICT_OBJC_MSGSEND = YES;
				GCC_C_LANGUAGE_STANDARD = gnu99;
				GCC_NO_COMMON_BLOCKS = YES;
				GCC_WARN_64_TO_32_BIT_CONVERSION = YES;
				GCC_WARN_ABOUT_RETURN_TYPE = YES_ERROR;
				GCC_WARN_UNDECLARED_SELECTOR = YES;
				GCC_WARN_UNINITIALIZED_AUTOS = YES_AGGRESSIVE;
				GCC_WARN_UNUSED_FUNCTION = YES;
				GCC_WARN_UNUSED_VARIABLE = YES;
				IPHONEOS_DEPLOYMENT_TARGET = 9.2;
				MTL_ENABLE_DEBUG_INFO = NO;
				SDKROOT = iphoneos;
				VALIDATE_PRODUCT = YES;
			};
			name = Release;
		};
		59B1380E1DD4627600998AA8 /* Debug */ = {
			isa = XCBuildConfiguration;
			buildSettings = {
				ASSETCATALOG_COMPILER_APPICON_NAME = AppIcon;
				CODE_SIGN_IDENTITY = "iPhone Developer";
				INFOPLIST_FILE = movie/Info.plist;
				IPHONEOS_DEPLOYMENT_TARGET = 9.2;
				LD_RUNPATH_SEARCH_PATHS = "$(inherited) @executable_path/Frameworks";
				PRODUCT_BUNDLE_IDENTIFIER = com.calata.demo;
				PRODUCT_NAME = CalataDemo;
				PROVISIONING_PROFILE = "b3bd9ca9-d332-46c0-9d56-52bc7c0d38fa";
				TARGETED_DEVICE_FAMILY = "1,2";
			};
			name = Debug;
		};
		59B1380F1DD4627600998AA8 /* Release */ = {
			isa = XCBuildConfiguration;
			buildSettings = {
				ASSETCATALOG_COMPILER_APPICON_NAME = AppIcon;
				CODE_SIGN_IDENTITY = "iPhone Developer";
				INFOPLIST_FILE = movie/Info.plist;
				IPHONEOS_DEPLOYMENT_TARGET = 9.2;
				LD_RUNPATH_SEARCH_PATHS = "$(inherited) @executable_path/Frameworks";
				PRODUCT_BUNDLE_IDENTIFIER = com.calata.demo;
				PRODUCT_NAME = CalataDemo;
				PROVISIONING_PROFILE = "b3bd9ca9-d332-46c0-9d56-52bc7c0d38fa";
				TARGETED_DEVICE_FAMILY = "1,2";
			};
			name = Release;
		};
/* End XCBuildConfiguration section */

/* Begin XCConfigurationList section */
		59B137F61DD4627500998AA8 /* Build configuration list for PBXProject "CalataDemo" */ = {
			isa = XCConfigurationList;
			buildConfigurations = (
				59B1380B1DD4627600998AA8 /* Debug */,
				59B1380C1DD4627600998AA8 /* Release */,
			);
			defaultConfigurationIsVisible = 0;
			defaultConfigurationName = Release;
		};
		59B1380D1DD4627600998AA8 /* Build configuration list for PBXNativeTarget "CalataDemo" */ = {
			isa = XCConfigurationList;
			buildConfigurations = (
				59B1380E1DD4627600998AA8 /* Debug */,
				59B1380F1DD4627600998AA8 /* Release */,
			);
			defaultConfigurationIsVisible = 0;
			defaultConfigurationName = Release;
		};
/* End XCConfigurationList section */
	};
	rootObject = 59B137F31DD4627500998AA8 /* Project object */;
}
